
Microsoft Visual Studio Solution File, Format Version 12.00
# Visual Studio 15
VisualStudioVersion = 15.0.28307.852
MinimumVisualStudioVersion = 10.0.40219.1
Project("{FAE04EC0-301F-11D3-BF4B-00C04F79EFBC}") = "FacturoPorTi.Tester", "FacturoPorTi.Tester\FacturoPorTi.Tester.csproj", "{899180EF-5488-4535-9DFC-B2CA3F7BD956}"
EndProject
Project("{9A19103F-16F7-4668-BE54-9A1E7A4F7556}") = "FacturoPorTi.Api.Cfdi", "FacturoPorTi.Api.CFDI\FacturoPorTi.Api.Cfdi.csproj", "{FCC53B97-F9FD-42D3-AB9C-1E376B15EBB0}"
EndProject
Global
	GlobalSection(SolutionConfigurationPlatforms) = preSolution
		Debug|Any CPU = Debug|Any CPU
		Release|Any CPU = Release|Any CPU
	EndGlobalSection
	GlobalSection(ProjectConfigurationPlatforms) = postSolution
		{899180EF-5488-4535-9DFC-B2CA3F7BD956}.Debug|Any CPU.ActiveCfg = Debug|Any CPU
		{899180EF-5488-4535-9DFC-B2CA3F7BD956}.Debug|Any CPU.Build.0 = Debug|Any CPU
		{899180EF-5488-4535-9DFC-B2CA3F7BD956}.Release|Any CPU.ActiveCfg = Release|Any CPU
		{899180EF-5488-4535-9DFC-B2CA3F7BD956}.Release|Any CPU.Build.0 = Release|Any CPU
		{FCC53B97-F9FD-42D3-AB9C-1E376B15EBB0}.Debug|Any CPU.ActiveCfg = Debug|Any CPU
		{FCC53B97-F9FD-42D3-AB9C-1E376B15EBB0}.Debug|Any CPU.Build.0 = Debug|Any CPU
		{FCC53B97-F9FD-42D3-AB9C-1E376B15EBB0}.Release|Any CPU.ActiveCfg = Release|Any CPU
		{FCC53B97-F9FD-42D3-AB9C-1E376B15EBB0}.Release|Any CPU.Build.0 = Release|Any CPU
	EndGlobalSection
	GlobalSection(SolutionProperties) = preSolution
		HideSolutionNode = FALSE
	EndGlobalSection
	GlobalSection(ExtensibilityGlobals) = postSolution
		SolutionGuid = {E3BA4875-68D9-4992-B718-6EE0AE9A84FA}
	EndGlobalSection
EndGlobal
